<?xml version="1.0" encoding="utf-8"?>
<Project ToolsVersion="4.0" xmlns="http://schemas.microsoft.com/developer/msbuild/2003">
  <ItemGroup>
    <ClCompile Include="..\MasterControlProgram\accountinfo.c">
      <Filter>Source Files</Filter>
    </ClCompile>
    <ClCompile Include="..\MasterControlProgram\CommandLineScreen.c">
      <Filter>Source Files</Filter>
    </ClCompile>
    <ClCompile Include="..\MasterControlProgram\MasterControlProgram.c">
      <Filter>Source Files</Filter>
    </ClCompile>
    <ClCompile Include="..\MasterControlProgram\MCP_ControllerTracker.c">
      <Filter>Source Files</Filter>
    </ClCompile>
    <ClCompile Include="..\MasterControlProgram\mcp_win_init.c">
      <Filter>Source Files</Filter>
    </ClCompile>
    <ClCompile Include="..\MasterControlProgram\StartingScreen.c">
      <Filter>Source Files</Filter>
    </ClCompile>
    <ClCompile Include="AutoGen\StandaloneMCP_AutoGen_1.c">
      <Filter>AutoGen</Filter>
    </ClCompile>
    <ClCompile Include="AutoGen\StandaloneMCP_AutoGen_2.c">
      <Filter>AutoGen</Filter>
    </ClCompile>
  </ItemGroup>
  <ItemGroup>
    <ClInclude Include="..\..\libs\UtilitiesLib\net\accountnet.h">
      <Filter>ExternHeaders</Filter>
    </ClInclude>
    <ClInclude Include="..\MasterControlProgram\accountinfo.h">
      <Filter>Source Files</Filter>
    </ClInclude>
    <ClInclude Include="..\MasterControlProgram\MasterControlProgram.h">
      <Filter>Source Files</Filter>
    </ClInclude>
    <ClInclude Include="..\NewControllerTracker\pub\NewControllerTracker_Pub.h">
      <Filter>ExternHeaders</Filter>
    </ClInclude>
    <ClInclude Include="resource_standaloneMCP.h" />
  </ItemGroup>
  <ItemGroup>
    <Filter Include="AutoGen">
      <UniqueIdentifier>{d84dc943-c035-429b-9b5e-4f0af2548caf}</UniqueIdentifier>
    </Filter>
    <Filter Include="ExternHeaders">
      <UniqueIdentifier>{e595e3af-1c26-4d26-bff9-4ced61690b3b}</UniqueIdentifier>
    </Filter>
    <Filter Include="Source Files">
      <UniqueIdentifier>{4FC737F1-C7A5-4376-A066-2A32D752A2FF}</UniqueIdentifier>
      <Extensions>cpp;c;cxx;def;odl;idl;hpj;bat;asm;asmx</Extensions>
    </Filter>
  </ItemGroup>
  <ItemGroup>
    <None Include="..\..\..\cryptic\tools\bin\PatchClientXBOX.exe" />
    <None Include="..\..\data\server\MCPServerSetup.txt" />
    <None Include="..\..\Utilities\Bin\PatchClient.exe" />
    <None Include="exe2.bin" />
    <None Include="ReadMe.txt" />
  </ItemGroup>
  <ItemGroup>
    <ResourceCompile Include="StandaloneMCP.rc" />
  </ItemGroup>
</Project>